
Microsoft Visual Studio Solution File, Format Version 12.00
# Visual Studio Version 17
VisualStudioVersion = 17.11.35327.3
MinimumVisualStudioVersion = 10.0.40219.1
Project("{8BC9CEB8-8B4A-11D0-8D11-00A0C91BC942}") = "LUCAS", "LUCAS\LUCAS.vcxproj", "{CEE42839-C853-4418-9D7D-0D3ECEBC86BB}"
EndProject
Project("{8BC9CEB8-8B4A-11D0-8D11-00A0C91BC942}") = "DAY1", "DAY1\DAY1.vcxproj", "{E82D7E32-98ED-442B-BB66-B0D013383B6F}"
EndProject
Project("{8BC9CEB8-8B4A-11D0-8D11-00A0C91BC942}") = "DAY4", "DAY4\DAY4.vcxproj", "{611BFA50-A226-4BBC-BFBD-49DE661EBF4E}"
EndProject
Project("{8BC9CEB8-8B4A-11D0-8D11-00A0C91BC942}") = "DAY8", "DAY8\DAY8.vcxproj", "{3B0BE27F-30E6-463A-B6CF-79615565AFA2}"
EndProject
Project("{8BC9CEB8-8B4A-11D0-8D11-00A0C91BC942}") = "DAY9", "DAY9\DAY9.vcxproj", "{45C50DC7-C497-4309-8730-4C88C8D7A9A7}"
EndProject
Project("{8BC9CEB8-8B4A-11D0-8D11-00A0C91BC942}") = "DAY10", "DAY10\DAY10.vcxproj", "{FC0FC9ED-DF57-4917-A0CF-0CAC85A347C1}"
EndProject
Project("{8BC9CEB8-8B4A-11D0-8D11-00A0C91BC942}") = "DAY11", "DAY11\DAY11.vcxproj", "{584770E3-01D1-4F4D-AA7D-6ACA0BD9FF0C}"
EndProject
Project("{8BC9CEB8-8B4A-11D0-8D11-00A0C91BC942}") = "DAY12", "DAY12\DAY12.vcxproj", "{FD3D840D-6D33-47CE-A0BB-0544579713C3}"
EndProject
Project("{8BC9CEB8-8B4A-11D0-8D11-00A0C91BC942}") = "DAY13", "DAY13\DAY13.vcxproj", "{D2680696-E55A-46E6-A03E-55E9C4FBD3AE}"
EndProject
Project("{8BC9CEB8-8B4A-11D0-8D11-00A0C91BC942}") = "DAY14_1", "DAY14_1\DAY14_1.vcxproj", "{E5F78631-4DB2-4F09-B24C-2B7FD49D8B61}"
EndProject
Project("{8BC9CEB8-8B4A-11D0-8D11-00A0C91BC942}") = "DAY14_2", "DAY14_2\DAY14_2.vcxproj", "{C1E0C69D-0E50-445C-A73C-AD0607E206D7}"
EndProject
Project("{8BC9CEB8-8B4A-11D0-8D11-00A0C91BC942}") = "DAY14_3", "DAY14_3\DAY14_3.vcxproj", "{744C462F-33B5-4A20-B6ED-88BA0D02CA33}"
EndProject
Project("{8BC9CEB8-8B4A-11D0-8D11-00A0C91BC942}") = "DAY15_1", "DAY15_1\DAY15_1.vcxproj", "{8F74CCE6-D9DE-41CA-9724-0C3CF94F5EBE}"
EndProject
Project("{8BC9CEB8-8B4A-11D0-8D11-00A0C91BC942}") = "DAY15_2", "DAY15_2\DAY15_2.vcxproj", "{CE3FFDA3-FFD1-4DC5-8008-EE62A8BCAFB1}"
EndProject
Project("{8BC9CEB8-8B4A-11D0-8D11-00A0C91BC942}") = "DAY16_1", "DAY16_1\DAY16_1.vcxproj", "{579968B3-87DF-4872-8B83-8B502742EE22}"
EndProject
Global
	GlobalSection(SolutionConfigurationPlatforms) = preSolution
		Debug|x64 = Debug|x64
		Debug|x86 = Debug|x86
		Release|x64 = Release|x64
		Release|x86 = Release|x86
	EndGlobalSection
	GlobalSection(ProjectConfigurationPlatforms) = postSolution
		{CEE42839-C853-4418-9D7D-0D3ECEBC86BB}.Debug|x64.ActiveCfg = Debug|x64
		{CEE42839-C853-4418-9D7D-0D3ECEBC86BB}.Debug|x64.Build.0 = Debug|x64
		{CEE42839-C853-4418-9D7D-0D3ECEBC86BB}.Debug|x86.ActiveCfg = Debug|Win32
		{CEE42839-C853-4418-9D7D-0D3ECEBC86BB}.Debug|x86.Build.0 = Debug|Win32
		{CEE42839-C853-4418-9D7D-0D3ECEBC86BB}.Release|x64.ActiveCfg = Release|x64
		{CEE42839-C853-4418-9D7D-0D3ECEBC86BB}.Release|x64.Build.0 = Release|x64
		{CEE42839-C853-4418-9D7D-0D3ECEBC86BB}.Release|x86.ActiveCfg = Release|Win32
		{CEE42839-C853-4418-9D7D-0D3ECEBC86BB}.Release|x86.Build.0 = Release|Win32
		{E82D7E32-98ED-442B-BB66-B0D013383B6F}.Debug|x64.ActiveCfg = Debug|x64
		{E82D7E32-98ED-442B-BB66-B0D013383B6F}.Debug|x64.Build.0 = Debug|x64
		{E82D7E32-98ED-442B-BB66-B0D013383B6F}.Debug|x86.ActiveCfg = Debug|Win32
		{E82D7E32-98ED-442B-BB66-B0D013383B6F}.Debug|x86.Build.0 = Debug|Win32
		{E82D7E32-98ED-442B-BB66-B0D013383B6F}.Release|x64.ActiveCfg = Release|x64
		{E82D7E32-98ED-442B-BB66-B0D013383B6F}.Release|x64.Build.0 = Release|x64
		{E82D7E32-98ED-442B-BB66-B0D013383B6F}.Release|x86.ActiveCfg = Release|Win32
		{E82D7E32-98ED-442B-BB66-B0D013383B6F}.Release|x86.Build.0 = Release|Win32
		{611BFA50-A226-4BBC-BFBD-49DE661EBF4E}.Debug|x64.ActiveCfg = Debug|x64
		{611BFA50-A226-4BBC-BFBD-49DE661EBF4E}.Debug|x64.Build.0 = Debug|x64
		{611BFA50-A226-4BBC-BFBD-49DE661EBF4E}.Debug|x86.ActiveCfg = Debug|Win32
		{611BFA50-A226-4BBC-BFBD-49DE661EBF4E}.Debug|x86.Build.0 = Debug|Win32
		{611BFA50-A226-4BBC-BFBD-49DE661EBF4E}.Release|x64.ActiveCfg = Release|x64
		{611BFA50-A226-4BBC-BFBD-49DE661EBF4E}.Release|x64.Build.0 = Release|x64
		{611BFA50-A226-4BBC-BFBD-49DE661EBF4E}.Release|x86.ActiveCfg = Release|Win32
		{611BFA50-A226-4BBC-BFBD-49DE661EBF4E}.Release|x86.Build.0 = Release|Win32
		{3B0BE27F-30E6-463A-B6CF-79615565AFA2}.Debug|x64.ActiveCfg = Debug|x64
		{3B0BE27F-30E6-463A-B6CF-79615565AFA2}.Debug|x64.Build.0 = Debug|x64
		{3B0BE27F-30E6-463A-B6CF-79615565AFA2}.Debug|x86.ActiveCfg = Debug|Win32
		{3B0BE27F-30E6-463A-B6CF-79615565AFA2}.Debug|x86.Build.0 = Debug|Win32
		{3B0BE27F-30E6-463A-B6CF-79615565AFA2}.Release|x64.ActiveCfg = Release|x64
		{3B0BE27F-30E6-463A-B6CF-79615565AFA2}.Release|x64.Build.0 = Release|x64
		{3B0BE27F-30E6-463A-B6CF-79615565AFA2}.Release|x86.ActiveCfg = Release|Win32
		{3B0BE27F-30E6-463A-B6CF-79615565AFA2}.Release|x86.Build.0 = Release|Win32
		{45C50DC7-C497-4309-8730-4C88C8D7A9A7}.Debug|x64.ActiveCfg = Debug|x64
		{45C50DC7-C497-4309-8730-4C88C8D7A9A7}.Debug|x64.Build.0 = Debug|x64
		{45C50DC7-C497-4309-8730-4C88C8D7A9A7}.Debug|x86.ActiveCfg = Debug|Win32
		{45C50DC7-C497-4309-8730-4C88C8D7A9A7}.Debug|x86.Build.0 = Debug|Win32
		{45C50DC7-C497-4309-8730-4C88C8D7A9A7}.Release|x64.ActiveCfg = Release|x64
		{45C50DC7-C497-4309-8730-4C88C8D7A9A7}.Release|x64.Build.0 = Release|x64
		{45C50DC7-C497-4309-8730-4C88C8D7A9A7}.Release|x86.ActiveCfg = Release|Win32
		{45C50DC7-C497-4309-8730-4C88C8D7A9A7}.Release|x86.Build.0 = Release|Win32
		{FC0FC9ED-DF57-4917-A0CF-0CAC85A347C1}.Debug|x64.ActiveCfg = Debug|x64
		{FC0FC9ED-DF57-4917-A0CF-0CAC85A347C1}.Debug|x64.Build.0 = Debug|x64
		{FC0FC9ED-DF57-4917-A0CF-0CAC85A347C1}.Debug|x86.ActiveCfg = Debug|Win32
		{FC0FC9ED-DF57-4917-A0CF-0CAC85A347C1}.Debug|x86.Build.0 = Debug|Win32
		{FC0FC9ED-DF57-4917-A0CF-0CAC85A347C1}.Release|x64.ActiveCfg = Release|x64
		{FC0FC9ED-DF57-4917-A0CF-0CAC85A347C1}.Release|x64.Build.0 = Release|x64
		{FC0FC9ED-DF57-4917-A0CF-0CAC85A347C1}.Release|x86.ActiveCfg = Release|Win32
		{FC0FC9ED-DF57-4917-A0CF-0CAC85A347C1}.Release|x86.Build.0 = Release|Win32
		{584770E3-01D1-4F4D-AA7D-6ACA0BD9FF0C}.Debug|x64.ActiveCfg = Debug|x64
		{584770E3-01D1-4F4D-AA7D-6ACA0BD9FF0C}.Debug|x64.Build.0 = Debug|x64
		{584770E3-01D1-4F4D-AA7D-6ACA0BD9FF0C}.Debug|x86.ActiveCfg = Debug|Win32
		{584770E3-01D1-4F4D-AA7D-6ACA0BD9FF0C}.Debug|x86.Build.0 = Debug|Win32
		{584770E3-01D1-4F4D-AA7D-6ACA0BD9FF0C}.Release|x64.ActiveCfg = Release|x64
		{584770E3-01D1-4F4D-AA7D-6ACA0BD9FF0C}.Release|x64.Build.0 = Release|x64
		{584770E3-01D1-4F4D-AA7D-6ACA0BD9FF0C}.Release|x86.ActiveCfg = Release|Win32
		{584770E3-01D1-4F4D-AA7D-6ACA0BD9FF0C}.Release|x86.Build.0 = Release|Win32
		{FD3D840D-6D33-47CE-A0BB-0544579713C3}.Debug|x64.ActiveCfg = Debug|x64
		{FD3D840D-6D33-47CE-A0BB-0544579713C3}.Debug|x64.Build.0 = Debug|x64
		{FD3D840D-6D33-47CE-A0BB-0544579713C3}.Debug|x86.ActiveCfg = Debug|Win32
		{FD3D840D-6D33-47CE-A0BB-0544579713C3}.Debug|x86.Build.0 = Debug|Win32
		{FD3D840D-6D33-47CE-A0BB-0544579713C3}.Release|x64.ActiveCfg = Release|x64
		{FD3D840D-6D33-47CE-A0BB-0544579713C3}.Release|x64.Build.0 = Release|x64
		{FD3D840D-6D33-47CE-A0BB-0544579713C3}.Release|x86.ActiveCfg = Release|Win32
		{FD3D840D-6D33-47CE-A0BB-0544579713C3}.Release|x86.Build.0 = Release|Win32
		{D2680696-E55A-46E6-A03E-55E9C4FBD3AE}.Debug|x64.ActiveCfg = Debug|x64
		{D2680696-E55A-46E6-A03E-55E9C4FBD3AE}.Debug|x64.Build.0 = Debug|x64
		{D2680696-E55A-46E6-A03E-55E9C4FBD3AE}.Debug|x86.ActiveCfg = Debug|Win32
		{D2680696-E55A-46E6-A03E-55E9C4FBD3AE}.Debug|x86.Build.0 = Debug|Win32
		{D2680696-E55A-46E6-A03E-55E9C4FBD3AE}.Release|x64.ActiveCfg = Release|x64
		{D2680696-E55A-46E6-A03E-55E9C4FBD3AE}.Release|x64.Build.0 = Release|x64
		{D2680696-E55A-46E6-A03E-55E9C4FBD3AE}.Release|x86.ActiveCfg = Release|Win32
		{D2680696-E55A-46E6-A03E-55E9C4FBD3AE}.Release|x86.Build.0 = Release|Win32
		{E5F78631-4DB2-4F09-B24C-2B7FD49D8B61}.Debug|x64.ActiveCfg = Debug|x64
		{E5F78631-4DB2-4F09-B24C-2B7FD49D8B61}.Debug|x64.Build.0 = Debug|x64
		{E5F78631-4DB2-4F09-B24C-2B7FD49D8B61}.Debug|x86.ActiveCfg = Debug|Win32
		{E5F78631-4DB2-4F09-B24C-2B7FD49D8B61}.Debug|x86.Build.0 = Debug|Win32
		{E5F78631-4DB2-4F09-B24C-2B7FD49D8B61}.Release|x64.ActiveCfg = Release|x64
		{E5F78631-4DB2-4F09-B24C-2B7FD49D8B61}.Release|x64.Build.0 = Release|x64
		{E5F78631-4DB2-4F09-B24C-2B7FD49D8B61}.Release|x86.ActiveCfg = Release|Win32
		{E5F78631-4DB2-4F09-B24C-2B7FD49D8B61}.Release|x86.Build.0 = Release|Win32
		{C1E0C69D-0E50-445C-A73C-AD0607E206D7}.Debug|x64.ActiveCfg = Debug|x64
		{C1E0C69D-0E50-445C-A73C-AD0607E206D7}.Debug|x64.Build.0 = Debug|x64
		{C1E0C69D-0E50-445C-A73C-AD0607E206D7}.Debug|x86.ActiveCfg = Debug|Win32
		{C1E0C69D-0E50-445C-A73C-AD0607E206D7}.Debug|x86.Build.0 = Debug|Win32
		{C1E0C69D-0E50-445C-A73C-AD0607E206D7}.Release|x64.ActiveCfg = Release|x64
		{C1E0C69D-0E50-445C-A73C-AD0607E206D7}.Release|x64.Build.0 = Release|x64
		{C1E0C69D-0E50-445C-A73C-AD0607E206D7}.Release|x86.ActiveCfg = Release|Win32
		{C1E0C69D-0E50-445C-A73C-AD0607E206D7}.Release|x86.Build.0 = Release|Win32
		{744C462F-33B5-4A20-B6ED-88BA0D02CA33}.Debug|x64.ActiveCfg = Debug|x64
		{744C462F-33B5-4A20-B6ED-88BA0D02CA33}.Debug|x64.Build.0 = Debug|x64
		{744C462F-33B5-4A20-B6ED-88BA0D02CA33}.Debug|x86.ActiveCfg = Debug|Win32
		{744C462F-33B5-4A20-B6ED-88BA0D02CA33}.Debug|x86.Build.0 = Debug|Win32
		{744C462F-33B5-4A20-B6ED-88BA0D02CA33}.Release|x64.ActiveCfg = Release|x64
		{744C462F-33B5-4A20-B6ED-88BA0D02CA33}.Release|x64.Build.0 = Release|x64
		{744C462F-33B5-4A20-B6ED-88BA0D02CA33}.Release|x86.ActiveCfg = Release|Win32
		{744C462F-33B5-4A20-B6ED-88BA0D02CA33}.Release|x86.Build.0 = Release|Win32
		{8F74CCE6-D9DE-41CA-9724-0C3CF94F5EBE}.Debug|x64.ActiveCfg = Debug|x64
		{8F74CCE6-D9DE-41CA-9724-0C3CF94F5EBE}.Debug|x64.Build.0 = Debug|x64
		{8F74CCE6-D9DE-41CA-9724-0C3CF94F5EBE}.Debug|x86.ActiveCfg = Debug|Win32
		{8F74CCE6-D9DE-41CA-9724-0C3CF94F5EBE}.Debug|x86.Build.0 = Debug|Win32
		{8F74CCE6-D9DE-41CA-9724-0C3CF94F5EBE}.Release|x64.ActiveCfg = Release|x64
		{8F74CCE6-D9DE-41CA-9724-0C3CF94F5EBE}.Release|x64.Build.0 = Release|x64
		{8F74CCE6-D9DE-41CA-9724-0C3CF94F5EBE}.Release|x86.ActiveCfg = Release|Win32
		{8F74CCE6-D9DE-41CA-9724-0C3CF94F5EBE}.Release|x86.Build.0 = Release|Win32
		{CE3FFDA3-FFD1-4DC5-8008-EE62A8BCAFB1}.Debug|x64.ActiveCfg = Debug|x64
		{CE3FFDA3-FFD1-4DC5-8008-EE62A8BCAFB1}.Debug|x64.Build.0 = Debug|x64
		{CE3FFDA3-FFD1-4DC5-8008-EE62A8BCAFB1}.Debug|x86.ActiveCfg = Debug|Win32
		{CE3FFDA3-FFD1-4DC5-8008-EE62A8BCAFB1}.Debug|x86.Build.0 = Debug|Win32
		{CE3FFDA3-FFD1-4DC5-8008-EE62A8BCAFB1}.Release|x64.ActiveCfg = Release|x64
		{CE3FFDA3-FFD1-4DC5-8008-EE62A8BCAFB1}.Release|x64.Build.0 = Release|x64
		{CE3FFDA3-FFD1-4DC5-8008-EE62A8BCAFB1}.Release|x86.ActiveCfg = Release|Win32
		{CE3FFDA3-FFD1-4DC5-8008-EE62A8BCAFB1}.Release|x86.Build.0 = Release|Win32
		{579968B3-87DF-4872-8B83-8B502742EE22}.Debug|x64.ActiveCfg = Debug|x64
		{579968B3-87DF-4872-8B83-8B502742EE22}.Debug|x64.Build.0 = Debug|x64
		{579968B3-87DF-4872-8B83-8B502742EE22}.Debug|x86.ActiveCfg = Debug|Win32
		{579968B3-87DF-4872-8B83-8B502742EE22}.Debug|x86.Build.0 = Debug|Win32
		{579968B3-87DF-4872-8B83-8B502742EE22}.Release|x64.ActiveCfg = Release|x64
		{579968B3-87DF-4872-8B83-8B502742EE22}.Release|x64.Build.0 = Release|x64
		{579968B3-87DF-4872-8B83-8B502742EE22}.Release|x86.ActiveCfg = Release|Win32
		{579968B3-87DF-4872-8B83-8B502742EE22}.Release|x86.Build.0 = Release|Win32
	EndGlobalSection
	GlobalSection(SolutionProperties) = preSolution
		HideSolutionNode = FALSE
	EndGlobalSection
	GlobalSection(ExtensibilityGlobals) = postSolution
		SolutionGuid = {5A2B15B3-2990-4763-A28F-BB27317336FB}
	EndGlobalSection
EndGlobal
